<?xml version="1.0" encoding="utf-8"?>
<Project ToolsVersion="4.0" xmlns="http://schemas.microsoft.com/developer/msbuild/2003">
  <ItemGroup>
    <Filter Include="Source Files">
      <UniqueIdentifier>{4FC737F1-C7A5-4376-A066-2A32D752A2FF}</UniqueIdentifier>
      <Extensions>cpp;c;cc;cxx;def;odl;idl;hpj;bat;asm;asmx</Extensions>
    </Filter>
    <Filter Include="Header Files">
      <UniqueIdentifier>{93995380-89BD-4b04-88EB-625FBE52EBFB}</UniqueIdentifier>
      <Extensions>h;hh;hpp;hxx;hm;inl;inc;xsd</Extensions>
    </Filter>
    <Filter Include="Resource Files">
      <UniqueIdentifier>{67DA6AB6-F800-4c08-8B7A-83BB121AAD01}</UniqueIdentifier>
      <Extensions>rc;ico;cur;bmp;dlg;rc2;rct;bin;rgs;gif;jpg;jpeg;jpe;resx;tiff;tif;png;wav</Extensions>
    </Filter>
  </ItemGroup>
  <ItemGroup>
    <ClInclude Include="Stdafx.h">
      <Filter>Header Files</Filter>
    </ClInclude>
    <ClInclude Include="addons\jnamedsemaphore.h">
      <Filter>Header Files</Filter>
    </ClInclude>
    <ClInclude Include="jcommon\include\jbitstream.h">
      <Filter>Header Files</Filter>
    </ClInclude>
    <ClInclude Include="jcommon\include\jcalendar.h">
      <Filter>Header Files</Filter>
    </ClInclude>
    <ClInclude Include="jcommon\include\jcharset.h">
      <Filter>Header Files</Filter>
    </ClInclude>
    <ClInclude Include="jcommon\include\jcommonlib.h">
      <Filter>Header Files</Filter>
    </ClInclude>
    <ClInclude Include="jcommon\include\jcompileexception.h">
      <Filter>Header Files</Filter>
    </ClInclude>
    <ClInclude Include="jcommon\include\jdate.h">
      <Filter>Header Files</Filter>
    </ClInclude>
    <ClInclude Include="jcommon\include\jdebug.h">
      <Filter>Header Files</Filter>
    </ClInclude>
    <ClInclude Include="jcommon\include\jdynamiclink.h">
      <Filter>Header Files</Filter>
    </ClInclude>
    <ClInclude Include="jcommon\include\jeventobject.h">
      <Filter>Header Files</Filter>
    </ClInclude>
    <ClInclude Include="jcommon\include\jexception.h">
      <Filter>Header Files</Filter>
    </ClInclude>
    <ClInclude Include="jcommon\include\jgc.h">
      <Filter>Header Files</Filter>
    </ClInclude>
    <ClInclude Include="jcommon\include\jhtmlparser.h">
      <Filter>Header Files</Filter>
    </ClInclude>
    <ClInclude Include="jcommon\include\jhttp.h">
      <Filter>Header Files</Filter>
    </ClInclude>
    <ClInclude Include="jcommon\include\jillegalargumentexception.h">
      <Filter>Header Files</Filter>
    </ClInclude>
    <ClInclude Include="jcommon\include\jinvalidargumentexception.h">
      <Filter>Header Files</Filter>
    </ClInclude>
    <ClInclude Include="jcommon\include\jjson.h">
      <Filter>Header Files</Filter>
    </ClInclude>
    <ClInclude Include="jcommon\include\jlistener.h">
      <Filter>Header Files</Filter>
    </ClInclude>
    <ClInclude Include="jcommon\include\jnotownerexception.h">
      <Filter>Header Files</Filter>
    </ClInclude>
    <ClInclude Include="jcommon\include\jnullpointerexception.h">
      <Filter>Header Files</Filter>
    </ClInclude>
    <ClInclude Include="jcommon\include\jobject.h">
      <Filter>Header Files</Filter>
    </ClInclude>
    <ClInclude Include="jcommon\include\jobservable.h">
      <Filter>Header Files</Filter>
    </ClInclude>
    <ClInclude Include="jcommon\include\jobserver.h">
      <Filter>Header Files</Filter>
    </ClInclude>
    <ClInclude Include="jcommon\include\joptions.h">
      <Filter>Header Files</Filter>
    </ClInclude>
    <ClInclude Include="jcommon\include\joutofboundsexception.h">
      <Filter>Header Files</Filter>
    </ClInclude>
    <ClInclude Include="jcommon\include\joutofmemoryexception.h">
      <Filter>Header Files</Filter>
    </ClInclude>
    <ClInclude Include="jcommon\include\jparammapper.h">
      <Filter>Header Files</Filter>
    </ClInclude>
    <ClInclude Include="jcommon\include\jparserexception.h">
      <Filter>Header Files</Filter>
    </ClInclude>
    <ClInclude Include="jcommon\include\jpointer.h">
      <Filter>Header Files</Filter>
    </ClInclude>
    <ClInclude Include="jcommon\include\jpolicies.h">
      <Filter>Header Files</Filter>
    </ClInclude>
    <ClInclude Include="jcommon\include\jproperties.h">
      <Filter>Header Files</Filter>
    </ClInclude>
    <ClInclude Include="jcommon\include\jregexp.h">
      <Filter>Header Files</Filter>
    </ClInclude>
    <ClInclude Include="jcommon\include\jruntimeexception.h">
      <Filter>Header Files</Filter>
    </ClInclude>
    <ClInclude Include="jcommon\include\jstringtokenizer.h">
      <Filter>Header Files</Filter>
    </ClInclude>
    <ClInclude Include="jcommon\include\jstringutils.h">
      <Filter>Header Files</Filter>
    </ClInclude>
    <ClInclude Include="jcommon\include\jsystem.h">
      <Filter>Header Files</Filter>
    </ClInclude>
    <ClInclude Include="jcommon\include\jtimeoutexception.h">
      <Filter>Header Files</Filter>
    </ClInclude>
    <ClInclude Include="jcommon\include\jtypes.h">
      <Filter>Header Files</Filter>
    </ClInclude>
    <ClInclude Include="jcommon\include\junit.h">
      <Filter>Header Files</Filter>
    </ClInclude>
    <ClInclude Include="jcommon\include\jurl.h">
      <Filter>Header Files</Filter>
    </ClInclude>
    <ClInclude Include="jcommon\include\jurlexception.h">
      <Filter>Header Files</Filter>
    </ClInclude>
    <ClInclude Include="jcommon\include\jxmlparser.h">
      <Filter>Header Files</Filter>
    </ClInclude>
    <ClInclude Include="jdevice\include\jaudio.h">
      <Filter>Header Files</Filter>
    </ClInclude>
    <ClInclude Include="jdevice\include\jcpu.h">
      <Filter>Header Files</Filter>
    </ClInclude>
    <ClInclude Include="jdevice\include\jdevice.h">
      <Filter>Header Files</Filter>
    </ClInclude>
    <ClInclude Include="jdevice\include\jdevicebuilder.h">
      <Filter>Header Files</Filter>
    </ClInclude>
    <ClInclude Include="jdevice\include\jdisplay.h">
      <Filter>Header Files</Filter>
    </ClInclude>
    <ClInclude Include="jdevice\include\jharddisk.h">
      <Filter>Header Files</Filter>
    </ClInclude>
    <ClInclude Include="jdevice\include\jmedia.h">
      <Filter>Header Files</Filter>
    </ClInclude>
    <ClInclude Include="jdevice\include\jmemory.h">
      <Filter>Header Files</Filter>
    </ClInclude>
    <ClInclude Include="jdevice\include\jmotherboard.h">
      <Filter>Header Files</Filter>
    </ClInclude>
    <ClInclude Include="jdevice\include\jnetwork.h">
      <Filter>Header Files</Filter>
    </ClInclude>
    <ClInclude Include="jdevice\include\jphysiclib.h">
      <Filter>Header Files</Filter>
    </ClInclude>
    <ClInclude Include="jdevice\include\jsystemexception.h">
      <Filter>Header Files</Filter>
    </ClInclude>
    <ClInclude Include="jdevice\include\jvideo.h">
      <Filter>Header Files</Filter>
    </ClInclude>
    <ClInclude Include="jgui\binds\directfb\include\jdfbfont.h">
      <Filter>Header Files</Filter>
    </ClInclude>
    <ClInclude Include="jgui\binds\directfb\include\jdfbgraphics.h">
      <Filter>Header Files</Filter>
    </ClInclude>
    <ClInclude Include="jgui\binds\directfb\include\jdfbhandler.h">
      <Filter>Header Files</Filter>
    </ClInclude>
    <ClInclude Include="jgui\binds\directfb\include\jdfbimage.h">
      <Filter>Header Files</Filter>
    </ClInclude>
    <ClInclude Include="jgui\binds\directfb\include\jdfbinputmanager.h">
      <Filter>Header Files</Filter>
    </ClInclude>
    <ClInclude Include="jgui\binds\directfb-cairo\include\jdfbfont.h">
      <Filter>Header Files</Filter>
    </ClInclude>
    <ClInclude Include="jgui\binds\directfb-cairo\include\jdfbgraphics.h">
      <Filter>Header Files</Filter>
    </ClInclude>
    <ClInclude Include="jgui\binds\directfb-cairo\include\jdfbhandler.h">
      <Filter>Header Files</Filter>
    </ClInclude>
    <ClInclude Include="jgui\binds\directfb-cairo\include\jdfbimage.h">
      <Filter>Header Files</Filter>
    </ClInclude>
    <ClInclude Include="jgui\binds\directfb-cairo\include\jdfbinputmanager.h">
      <Filter>Header Files</Filter>
    </ClInclude>
    <ClInclude Include="jgui\binds\x11\include\jx11font.h">
      <Filter>Header Files</Filter>
    </ClInclude>
    <ClInclude Include="jgui\binds\x11\include\jx11graphics.h">
      <Filter>Header Files</Filter>
    </ClInclude>
    <ClInclude Include="jgui\binds\x11\include\jx11handler.h">
      <Filter>Header Files</Filter>
    </ClInclude>
    <ClInclude Include="jgui\binds\x11\include\jx11image.h">
      <Filter>Header Files</Filter>
    </ClInclude>
    <ClInclude Include="jgui\binds\x11\include\jx11inputmanager.h">
      <Filter>Header Files</Filter>
    </ClInclude>
    <ClInclude Include="jgui\include\jadjustmentevent.h">
      <Filter>Header Files</Filter>
    </ClInclude>
    <ClInclude Include="jgui\include\jadjustmentlistener.h">
      <Filter>Header Files</Filter>
    </ClInclude>
    <ClInclude Include="jgui\include\janimation.h">
      <Filter>Header Files</Filter>
    </ClInclude>
    <ClInclude Include="jgui\include\jborderlayout.h">
      <Filter>Header Files</Filter>
    </ClInclude>
    <ClInclude Include="jgui\include\jbutton.h">
      <Filter>Header Files</Filter>
    </ClInclude>
    <ClInclude Include="jgui\include\jbuttonevent.h">
      <Filter>Header Files</Filter>
    </ClInclude>
    <ClInclude Include="jgui\include\jbuttonlistener.h">
      <Filter>Header Files</Filter>
    </ClInclude>
    <ClInclude Include="jgui\include\jcalendardialogbox.h">
      <Filter>Header Files</Filter>
    </ClInclude>
    <ClInclude Include="jgui\include\jcalendarevent.h">
      <Filter>Header Files</Filter>
    </ClInclude>
    <ClInclude Include="jgui\include\jcalendarlistener.h">
      <Filter>Header Files</Filter>
    </ClInclude>
    <ClInclude Include="jgui\include\jcanvas.h">
      <Filter>Header Files</Filter>
    </ClInclude>
    <ClInclude Include="jgui\include\jcardlayout.h">
      <Filter>Header Files</Filter>
    </ClInclude>
    <ClInclude Include="jgui\include\jcheckbutton.h">
      <Filter>Header Files</Filter>
    </ClInclude>
    <ClInclude Include="jgui\include\jcheckbuttonevent.h">
      <Filter>Header Files</Filter>
    </ClInclude>
    <ClInclude Include="jgui\include\jcheckbuttongroup.h">
      <Filter>Header Files</Filter>
    </ClInclude>
    <ClInclude Include="jgui\include\jcheckbuttonlistener.h">
      <Filter>Header Files</Filter>
    </ClInclude>
    <ClInclude Include="jgui\include\jcolor.h">
      <Filter>Header Files</Filter>
    </ClInclude>
    <ClInclude Include="jgui\include\jcombobox.h">
      <Filter>Header Files</Filter>
    </ClInclude>
    <ClInclude Include="jgui\include\jcomponent.h">
      <Filter>Header Files</Filter>
    </ClInclude>
    <ClInclude Include="jgui\include\jcomponentevent.h">
      <Filter>Header Files</Filter>
    </ClInclude>
    <ClInclude Include="jgui\include\jcomponentlistener.h">
      <Filter>Header Files</Filter>
    </ClInclude>
    <ClInclude Include="jgui\include\jcontainer.h">
      <Filter>Header Files</Filter>
    </ClInclude>
    <ClInclude Include="jgui\include\jcontainerevent.h">
      <Filter>Header Files</Filter>
    </ClInclude>
    <ClInclude Include="jgui\include\jcontainerlistener.h">
      <Filter>Header Files</Filter>
    </ClInclude>
    <ClInclude Include="jgui\include\jcoordinatelayout.h">
      <Filter>Header Files</Filter>
    </ClInclude>
    <ClInclude Include="jgui\include\jfilechooserdialogbox.h">
      <Filter>Header Files</Filter>
    </ClInclude>
    <ClInclude Include="jgui\include\jflowlayout.h">
      <Filter>Header Files</Filter>
    </ClInclude>
    <ClInclude Include="jgui\include\jfocusevent.h">
      <Filter>Header Files</Filter>
    </ClInclude>
    <ClInclude Include="jgui\include\jfocuslistener.h">
      <Filter>Header Files</Filter>
    </ClInclude>
    <ClInclude Include="jgui\include\jfont.h">
      <Filter>Header Files</Filter>
    </ClInclude>
    <ClInclude Include="jgui\include\jframe.h">
      <Filter>Header Files</Filter>
    </ClInclude>
    <ClInclude Include="jgui\include\jgfxhandler.h">
      <Filter>Header Files</Filter>
    </ClInclude>
    <ClInclude Include="jgui\include\jgraphics.h">
      <Filter>Header Files</Filter>
    </ClInclude>
    <ClInclude Include="jgui\include\jgridbaglayout.h">
      <Filter>Header Files</Filter>
    </ClInclude>
    <ClInclude Include="jgui\include\jgridlayout.h">
      <Filter>Header Files</Filter>
    </ClInclude>
    <ClInclude Include="jgui\include\jguilib.h">
      <Filter>Header Files</Filter>
    </ClInclude>
    <ClInclude Include="jgui\include\jicon.h">
      <Filter>Header Files</Filter>
    </ClInclude>
    <ClInclude Include="jgui\include\jimage.h">
      <Filter>Header Files</Filter>
    </ClInclude>
    <ClInclude Include="jgui\include\jimagebutton.h">
      <Filter>Header Files</Filter>
    </ClInclude>
    <ClInclude Include="jgui\include\jimageexception.h">
      <Filter>Header Files</Filter>
    </ClInclude>
    <ClInclude Include="jgui\include\jindexedimage.h">
      <Filter>Header Files</Filter>
    </ClInclude>
    <ClInclude Include="jgui\include\jinputdialogbox.h">
      <Filter>Header Files</Filter>
    </ClInclude>
    <ClInclude Include="jgui\include\jinputmanager.h">
      <Filter>Header Files</Filter>
    </ClInclude>
    <ClInclude Include="jgui\include\jitemcomponent.h">
      <Filter>Header Files</Filter>
    </ClInclude>
    <ClInclude Include="jgui\include\jkeyboard.h">
      <Filter>Header Files</Filter>
    </ClInclude>
    <ClInclude Include="jgui\include\jkeyboardlistener.h">
      <Filter>Header Files</Filter>
    </ClInclude>
    <ClInclude Include="jgui\include\jkeyevent.h">
      <Filter>Header Files</Filter>
    </ClInclude>
    <ClInclude Include="jgui\include\jkeylistener.h">
      <Filter>Header Files</Filter>
    </ClInclude>
    <ClInclude Include="jgui\include\jkeymap.h">
      <Filter>Header Files</Filter>
    </ClInclude>
    <ClInclude Include="jgui\include\jlabel.h">
      <Filter>Header Files</Filter>
    </ClInclude>
    <ClInclude Include="jgui\include\jlayout.h">
      <Filter>Header Files</Filter>
    </ClInclude>
    <ClInclude Include="jgui\include\jlistbox.h">
      <Filter>Header Files</Filter>
    </ClInclude>
    <ClInclude Include="jgui\include\jmarquee.h">
      <Filter>Header Files</Filter>
    </ClInclude>
    <ClInclude Include="jgui\include\jmenu.h">
      <Filter>Header Files</Filter>
    </ClInclude>
    <ClInclude Include="jgui\include\jmenugroup.h">
      <Filter>Header Files</Filter>
    </ClInclude>
    <ClInclude Include="jgui\include\jmessagedialogbox.h">
      <Filter>Header Files</Filter>
    </ClInclude>
    <ClInclude Include="jgui\include\jmouseevent.h">
      <Filter>Header Files</Filter>
    </ClInclude>
    <ClInclude Include="jgui\include\jmouselistener.h">
      <Filter>Header Files</Filter>
    </ClInclude>
    <ClInclude Include="jgui\include\jnullgraphics.h">
      <Filter>Header Files</Filter>
    </ClInclude>
    <ClInclude Include="jgui\include\jnulllayout.h">
      <Filter>Header Files</Filter>
    </ClInclude>
    <ClInclude Include="jgui\include\jpanel.h">
      <Filter>Header Files</Filter>
    </ClInclude>
    <ClInclude Include="jgui\include\jprogressbar.h">
      <Filter>Header Files</Filter>
    </ClInclude>
    <ClInclude Include="jgui\include\jrectangle.h">
      <Filter>Header Files</Filter>
    </ClInclude>
    <ClInclude Include="jgui\include\jscrollbar.h">
      <Filter>Header Files</Filter>
    </ClInclude>
    <ClInclude Include="jgui\include\jselectevent.h">
      <Filter>Header Files</Filter>
    </ClInclude>
    <ClInclude Include="jgui\include\jselectlistener.h">
      <Filter>Header Files</Filter>
    </ClInclude>
    <ClInclude Include="jgui\include\jslider.h">
      <Filter>Header Files</Filter>
    </ClInclude>
    <ClInclude Include="jgui\include\jslidercomponent.h">
      <Filter>Header Files</Filter>
    </ClInclude>
    <ClInclude Include="jgui\include\jspin.h">
      <Filter>Header Files</Filter>
    </ClInclude>
    <ClInclude Include="jgui\include\jtabbedpane.h">
      <Filter>Header Files</Filter>
    </ClInclude>
    <ClInclude Include="jgui\include\jtable.h">
      <Filter>Header Files</Filter>
    </ClInclude>
    <ClInclude Include="jgui\include\jtextarea.h">
      <Filter>Header Files</Filter>
    </ClInclude>
    <ClInclude Include="jgui\include\jtextcomponent.h">
      <Filter>Header Files</Filter>
    </ClInclude>
    <ClInclude Include="jgui\include\jtextdialogbox.h">
      <Filter>Header Files</Filter>
    </ClInclude>
    <ClInclude Include="jgui\include\jtextevent.h">
      <Filter>Header Files</Filter>
    </ClInclude>
    <ClInclude Include="jgui\include\jtextfield.h">
      <Filter>Header Files</Filter>
    </ClInclude>
    <ClInclude Include="jgui\include\jtextlistener.h">
      <Filter>Header Files</Filter>
    </ClInclude>
    <ClInclude Include="jgui\include\jtheme.h">
      <Filter>Header Files</Filter>
    </ClInclude>
    <ClInclude Include="jgui\include\jthemeevent.h">
      <Filter>Header Files</Filter>
    </ClInclude>
    <ClInclude Include="jgui\include\jthemelistener.h">
      <Filter>Header Files</Filter>
    </ClInclude>
    <ClInclude Include="jgui\include\jthememanager.h">
      <Filter>Header Files</Filter>
    </ClInclude>
    <ClInclude Include="jgui\include\jtooglebutton.h">
      <Filter>Header Files</Filter>
    </ClInclude>
    <ClInclude Include="jgui\include\jtree.h">
      <Filter>Header Files</Filter>
    </ClInclude>
    <ClInclude Include="jgui\include\jwatch.h">
      <Filter>Header Files</Filter>
    </ClInclude>
    <ClInclude Include="jgui\include\jwindow.h">
      <Filter>Header Files</Filter>
    </ClInclude>
    <ClInclude Include="jgui\include\jwindowevent.h">
      <Filter>Header Files</Filter>
    </ClInclude>
    <ClInclude Include="jgui\include\jwindowlistener.h">
      <Filter>Header Files</Filter>
    </ClInclude>
    <ClInclude Include="jgui\include\jwindowmanager.h">
      <Filter>Header Files</Filter>
    </ClInclude>
    <ClInclude Include="jgui\include\jyesnodialogbox.h">
      <Filter>Header Files</Filter>
    </ClInclude>
    <ClInclude Include="jgui\tests\agenda.h">
      <Filter>Header Files</Filter>
    </ClInclude>
    <ClInclude Include="jgui\tests\agendadb.h">
      <Filter>Header Files</Filter>
    </ClInclude>
    <ClInclude Include="jgui\tests\calc.h">
      <Filter>Header Files</Filter>
    </ClInclude>
    <ClInclude Include="jgui\tests\display.h">
      <Filter>Header Files</Filter>
    </ClInclude>
    <ClInclude Include="jgui\tests\mines.h">
      <Filter>Header Files</Filter>
    </ClInclude>
    <ClInclude Include="jgui\tests\phone.h">
      <Filter>Header Files</Filter>
    </ClInclude>
    <ClInclude Include="jgui\tests\phonedb.h">
      <Filter>Header Files</Filter>
    </ClInclude>
    <ClInclude Include="jimage\include\jbitmap.h">
      <Filter>Header Files</Filter>
    </ClInclude>
    <ClInclude Include="jimage\include\jbufferedimage.h">
      <Filter>Header Files</Filter>
    </ClInclude>
    <ClInclude Include="jimage\include\jgif.h">
      <Filter>Header Files</Filter>
    </ClInclude>
    <ClInclude Include="jimage\include\jimage.h">
      <Filter>Header Files</Filter>
    </ClInclude>
    <ClInclude Include="jimage\include\jimagelib.h">
      <Filter>Header Files</Filter>
    </ClInclude>
    <ClInclude Include="jimage\include\jjpg.h">
      <Filter>Header Files</Filter>
    </ClInclude>
    <ClInclude Include="jimage\include\jpng.h">
      <Filter>Header Files</Filter>
    </ClInclude>
    <ClInclude Include="jimage\include\jppm.h">
      <Filter>Header Files</Filter>
    </ClInclude>
    <ClInclude Include="jio\include\jbitinputstream.h">
      <Filter>Header Files</Filter>
    </ClInclude>
    <ClInclude Include="jio\include\jbitoutputstream.h">
      <Filter>Header Files</Filter>
    </ClInclude>
    <ClInclude Include="jio\include\jbufferedreader.h">
      <Filter>Header Files</Filter>
    </ClInclude>
    <ClInclude Include="jio\include\jchannel.h">
      <Filter>Header Files</Filter>
    </ClInclude>
    <ClInclude Include="jio\include\jdatainputstream.h">
      <Filter>Header Files</Filter>
    </ClInclude>
    <ClInclude Include="jio\include\jdataoutputstream.h">
      <Filter>Header Files</Filter>
    </ClInclude>
    <ClInclude Include="jio\include\jfile.h">
      <Filter>Header Files</Filter>
    </ClInclude>
    <ClInclude Include="jio\include\jfileexception.h">
      <Filter>Header Files</Filter>
    </ClInclude>
    <ClInclude Include="jio\include\jfileinputstream.h">
      <Filter>Header Files</Filter>
    </ClInclude>
    <ClInclude Include="jio\include\jfileoutputstream.h">
      <Filter>Header Files</Filter>
    </ClInclude>
    <ClInclude Include="jio\include\jinputstream.h">
      <Filter>Header Files</Filter>
    </ClInclude>
    <ClInclude Include="jio\include\jinterruptedioexception.h">
      <Filter>Header Files</Filter>
    </ClInclude>
    <ClInclude Include="jio\include\jioexception.h">
      <Filter>Header Files</Filter>
    </ClInclude>
    <ClInclude Include="jio\include\jiolib.h">
      <Filter>Header Files</Filter>
    </ClInclude>
    <ClInclude Include="jio\include\jmemoryinputstream.h">
      <Filter>Header Files</Filter>
    </ClInclude>
    <ClInclude Include="jio\include\jmemoryoutputstream.h">
      <Filter>Header Files</Filter>
    </ClInclude>
    <ClInclude Include="jio\include\jobjectinputstream.h">
      <Filter>Header Files</Filter>
    </ClInclude>
    <ClInclude Include="jio\include\jobjectoutputstream.h">
      <Filter>Header Files</Filter>
    </ClInclude>
    <ClInclude Include="jio\include\joutputstream.h">
      <Filter>Header Files</Filter>
    </ClInclude>
    <ClInclude Include="jio\include\jpipeexception.h">
      <Filter>Header Files</Filter>
    </ClInclude>
    <ClInclude Include="jio\include\jpipestream.h">
      <Filter>Header Files</Filter>
    </ClInclude>
    <ClInclude Include="jio\include\jprintstream.h">
      <Filter>Header Files</Filter>
    </ClInclude>
    <ClInclude Include="jio\include\jserializable.h">
      <Filter>Header Files</Filter>
    </ClInclude>
    <ClInclude Include="jipc\include\jipcclient.h">
      <Filter>Header Files</Filter>
    </ClInclude>
    <ClInclude Include="jipc\include\jipcexception.h">
      <Filter>Header Files</Filter>
    </ClInclude>
    <ClInclude Include="jipc\include\jipchelper.h">
      <Filter>Header Files</Filter>
    </ClInclude>
    <ClInclude Include="jipc\include\jipcserver.h">
      <Filter>Header Files</Filter>
    </ClInclude>
    <ClInclude Include="jipc\include\jlocalipcclient.h">
      <Filter>Header Files</Filter>
    </ClInclude>
    <ClInclude Include="jipc\include\jlocalipcserver.h">
      <Filter>Header Files</Filter>
    </ClInclude>
    <ClInclude Include="jipc\include\jmethod.h">
      <Filter>Header Files</Filter>
    </ClInclude>
    <ClInclude Include="jipc\include\jremotecalllistener.h">
      <Filter>Header Files</Filter>
    </ClInclude>
    <ClInclude Include="jipc\include\jremoteipcclient.h">
      <Filter>Header Files</Filter>
    </ClInclude>
    <ClInclude Include="jipc\include\jremoteipcserver.h">
      <Filter>Header Files</Filter>
    </ClInclude>
    <ClInclude Include="jipc\include\jresponse.h">
      <Filter>Header Files</Filter>
    </ClInclude>
    <ClInclude Include="jipc\include\jsecureipcclient.h">
      <Filter>Header Files</Filter>
    </ClInclude>
    <ClInclude Include="jipc\include\jsecureipcserver.h">
      <Filter>Header Files</Filter>
    </ClInclude>
    <ClInclude Include="jlogger\include\jconsolehandler.h">
      <Filter>Header Files</Filter>
    </ClInclude>
    <ClInclude Include="jlogger\include\jfilehandler.h">
      <Filter>Header Files</Filter>
    </ClInclude>
    <ClInclude Include="jlogger\include\jformatter.h">
      <Filter>Header Files</Filter>
    </ClInclude>
    <ClInclude Include="jlogger\include\jhandler.h">
      <Filter>Header Files</Filter>
    </ClInclude>
    <ClInclude Include="jlogger\include\jlogger.h">
      <Filter>Header Files</Filter>
    </ClInclude>
    <ClInclude Include="jlogger\include\jloggerexception.h">
      <Filter>Header Files</Filter>
    </ClInclude>
    <ClInclude Include="jlogger\include\jloggerlib.h">
      <Filter>Header Files</Filter>
    </ClInclude>
    <ClInclude Include="jlogger\include\jloggermanager.h">
      <Filter>Header Files</Filter>
    </ClInclude>
    <ClInclude Include="jlogger\include\jlogrecord.h">
      <Filter>Header Files</Filter>
    </ClInclude>
    <ClInclude Include="jlogger\include\jmemoryhandler.h">
      <Filter>Header Files</Filter>
    </ClInclude>
    <ClInclude Include="jlogger\include\jsimpleformatter.h">
      <Filter>Header Files</Filter>
    </ClInclude>
    <ClInclude Include="jlogger\include\jsockethandler.h">
      <Filter>Header Files</Filter>
    </ClInclude>
    <ClInclude Include="jlogger\include\jstreamhandler.h">
      <Filter>Header Files</Filter>
    </ClInclude>
    <ClInclude Include="jlogger\include\jxmlformatter.h">
      <Filter>Header Files</Filter>
    </ClInclude>
    <ClInclude Include="jmath\include\jbase64.h">
      <Filter>Header Files</Filter>
    </ClInclude>
    <ClInclude Include="jmath\include\jbigdecimal.h">
      <Filter>Header Files</Filter>
    </ClInclude>
    <ClInclude Include="jmath\include\jbiginteger.h">
      <Filter>Header Files</Filter>
    </ClInclude>
    <ClInclude Include="jmath\include\jcomplex.h">
      <Filter>Header Files</Filter>
    </ClInclude>
    <ClInclude Include="jmath\include\jcrc.h">
      <Filter>Header Files</Filter>
    </ClInclude>
    <ClInclude Include="jmath\include\jmath.h">
      <Filter>Header Files</Filter>
    </ClInclude>
    <ClInclude Include="jmath\include\jmathlib.h">
      <Filter>Header Files</Filter>
    </ClInclude>
    <ClInclude Include="jmath\include\jmatrix.h">
      <Filter>Header Files</Filter>
    </ClInclude>
    <ClInclude Include="jmath\include\jmd5.h">
      <Filter>Header Files</Filter>
    </ClInclude>
    <ClInclude Include="jmath\include\jrandom.h">
      <Filter>Header Files</Filter>
    </ClInclude>
    <ClInclude Include="jmath\include\jsha1.h">
      <Filter>Header Files</Filter>
    </ClInclude>
    <ClInclude Include="jmath\include\juuid.h">
      <Filter>Header Files</Filter>
    </ClInclude>
    <ClInclude Include="jmpeg\include\jadaptationfield.h">
      <Filter>Header Files</Filter>
    </ClInclude>
    <ClInclude Include="jmpeg\include\jmpegexception.h">
      <Filter>Header Files</Filter>
    </ClInclude>
    <ClInclude Include="jmpeg\include\jmpeglib.h">
      <Filter>Header Files</Filter>
    </ClInclude>
    <ClInclude Include="jmpeg\include\jprogramassociationsection.h">
      <Filter>Header Files</Filter>
    </ClInclude>
    <ClInclude Include="jmpeg\include\jprogramassociationtable.h">
      <Filter>Header Files</Filter>
    </ClInclude>
    <ClInclude Include="jmpeg\include\jprogramelementarystreamsection.h">
      <Filter>Header Files</Filter>
    </ClInclude>
    <ClInclude Include="jmpeg\include\jprogrammapsection.h">
      <Filter>Header Files</Filter>
    </ClInclude>
    <ClInclude Include="jmpeg\include\jprogramsysteminformationsection.h">
      <Filter>Header Files</Filter>
    </ClInclude>
    <ClInclude Include="jmpeg\include\jprogramsysteminformationtable.h">
      <Filter>Header Files</Filter>
    </ClInclude>
    <ClInclude Include="jmpeg\include\jsection.h">
      <Filter>Header Files</Filter>
    </ClInclude>
    <ClInclude Include="jmpeg\include\jtransportstreampacket.h">
      <Filter>Header Files</Filter>
    </ClInclude>
    <ClInclude Include="jmpeg.original\include\jadaptationfield.h">
      <Filter>Header Files</Filter>
    </ClInclude>
    <ClInclude Include="jmpeg.original\include\jmpegexception.h">
      <Filter>Header Files</Filter>
    </ClInclude>
    <ClInclude Include="jmpeg.original\include\jmpeglib.h">
      <Filter>Header Files</Filter>
    </ClInclude>
    <ClInclude Include="jmpeg.original\include\jprogramassociationsection.h">
      <Filter>Header Files</Filter>
    </ClInclude>
    <ClInclude Include="jmpeg.original\include\jprogramassociationtable.h">
      <Filter>Header Files</Filter>
    </ClInclude>
    <ClInclude Include="jmpeg.original\include\jprogramelementarystreamsection.h">
      <Filter>Header Files</Filter>
    </ClInclude>
    <ClInclude Include="jmpeg.original\include\jprogrammapsection.h">
      <Filter>Header Files</Filter>
    </ClInclude>
    <ClInclude Include="jmpeg.original\include\jprogramsysteminformationsection.h">
      <Filter>Header Files</Filter>
    </ClInclude>
    <ClInclude Include="jmpeg.original\include\jprogramsysteminformationtable.h">
      <Filter>Header Files</Filter>
    </ClInclude>
    <ClInclude Include="jmpeg.original\include\jsection.h">
      <Filter>Header Files</Filter>
    </ClInclude>
    <ClInclude Include="jmpeg.original\include\jtransportstreampacket.h">
      <Filter>Header Files</Filter>
    </ClInclude>
    <ClInclude Include="jresource\include\jresource.h">
      <Filter>Header Files</Filter>
    </ClInclude>
    <ClInclude Include="jresource\include\jresourceexception.h">
      <Filter>Header Files</Filter>
    </ClInclude>
    <ClInclude Include="jresource\include\jresourcelib.h">
      <Filter>Header Files</Filter>
    </ClInclude>
    <ClInclude Include="jresource\include\jresourcestatusevent.h">
      <Filter>Header Files</Filter>
    </ClInclude>
    <ClInclude Include="jresource\include\jresourcestatuslistener.h">
      <Filter>Header Files</Filter>
    </ClInclude>
    <ClInclude Include="jresource\include\jresourcetypeevent.h">
      <Filter>Header Files</Filter>
    </ClInclude>
    <ClInclude Include="jresource\include\jresourcetypelistener.h">
      <Filter>Header Files</Filter>
    </ClInclude>
    <ClInclude Include="jsecurity\include\jaccesscontrol.h">
      <Filter>Header Files</Filter>
    </ClInclude>
    <ClInclude Include="jsecurity\include\jaccesscontroller.h">
      <Filter>Header Files</Filter>
    </ClInclude>
    <ClInclude Include="jsecurity\include\jfileaccesscontrol.h">
      <Filter>Header Files</Filter>
    </ClInclude>
    <ClInclude Include="jsecurity\include\jfileaccesscontroller.h">
      <Filter>Header Files</Filter>
    </ClInclude>
    <ClInclude Include="jsecurity\include\jgroup.h">
      <Filter>Header Files</Filter>
    </ClInclude>
    <ClInclude Include="jsecurity\include\jsecurityexception.h">
      <Filter>Header Files</Filter>
    </ClInclude>
    <ClInclude Include="jsecurity\include\jsecuritylib.h">
      <Filter>Header Files</Filter>
    </ClInclude>
    <ClInclude Include="jsecurity\include\jsecuritymanager.h">
      <Filter>Header Files</Filter>
    </ClInclude>
    <ClInclude Include="jsecurity\include\juser.h">
      <Filter>Header Files</Filter>
    </ClInclude>
    <ClInclude Include="jshared\include\jmemoryexception.h">
      <Filter>Header Files</Filter>
    </ClInclude>
    <ClInclude Include="jshared\include\jmemorymap.h">
      <Filter>Header Files</Filter>
    </ClInclude>
    <ClInclude Include="jshared\include\jmessageexception.h">
      <Filter>Header Files</Filter>
    </ClInclude>
    <ClInclude Include="jshared\include\jmessagequeue.h">
      <Filter>Header Files</Filter>
    </ClInclude>
    <ClInclude Include="jshared\include\jnamedpipe.h">
      <Filter>Header Files</Filter>
    </ClInclude>
    <ClInclude Include="jshared\include\jnamedsemaphore.h">
      <Filter>Header Files</Filter>
    </ClInclude>
    <ClInclude Include="jshared\include\jpipe.h">
      <Filter>Header Files</Filter>
    </ClInclude>
    <ClInclude Include="jshared\include\jprocess.h">
      <Filter>Header Files</Filter>
    </ClInclude>
    <ClInclude Include="jshared\include\jprocessexception.h">
      <Filter>Header Files</Filter>
    </ClInclude>
    <ClInclude Include="jshared\include\jprocessinputstream.h">
      <Filter>Header Files</Filter>
    </ClInclude>
    <ClInclude Include="jshared\include\jprocessoutputstream.h">
      <Filter>Header Files</Filter>
    </ClInclude>
    <ClInclude Include="jshared\include\jqueueexception.h">
      <Filter>Header Files</Filter>
    </ClInclude>
    <ClInclude Include="jshared\include\jschedule.h">
      <Filter>Header Files</Filter>
    </ClInclude>
    <ClInclude Include="jshared\include\jsharedlib.h">
      <Filter>Header Files</Filter>
    </ClInclude>
    <ClInclude Include="jshared\include\jsharedmemory.h">
      <Filter>Header Files</Filter>
    </ClInclude>
    <ClInclude Include="jshared\include\jsharedmutex.h">
      <Filter>Header Files</Filter>
    </ClInclude>
    <ClInclude Include="jshared\include\jsharedqueue.h">
      <Filter>Header Files</Filter>
    </ClInclude>
    <ClInclude Include="jshared\include\jsharedsemaphore.h">
      <Filter>Header Files</Filter>
    </ClInclude>
    <ClInclude Include="jshared\include\jwrapperprocess.h">
      <Filter>Header Files</Filter>
    </ClInclude>
    <ClInclude Include="jsocket\include\jconnection.h">
      <Filter>Header Files</Filter>
    </ClInclude>
    <ClInclude Include="jsocket\include\jconnectionpipe.h">
      <Filter>Header Files</Filter>
    </ClInclude>
    <ClInclude Include="jsocket\include\jdatagramsocket.h">
      <Filter>Header Files</Filter>
    </ClInclude>
    <ClInclude Include="jsocket\include\jdatagramsocket6.h">
      <Filter>Header Files</Filter>
    </ClInclude>
    <ClInclude Include="jsocket\include\jendian.h">
      <Filter>Header Files</Filter>
    </ClInclude>
    <ClInclude Include="jsocket\include\jhttprequester.h">
      <Filter>Header Files</Filter>
    </ClInclude>
    <ClInclude Include="jsocket\include\jinetaddress.h">
      <Filter>Header Files</Filter>
    </ClInclude>
    <ClInclude Include="jsocket\include\jinetaddress4.h">
      <Filter>Header Files</Filter>
    </ClInclude>
    <ClInclude Include="jsocket\include\jinetaddress6.h">
      <Filter>Header Files</Filter>
    </ClInclude>
    <ClInclude Include="jsocket\include\jlocaldatagramsocket.h">
      <Filter>Header Files</Filter>
    </ClInclude>
    <ClInclude Include="jsocket\include\jlocalserversocket.h">
      <Filter>Header Files</Filter>
    </ClInclude>
    <ClInclude Include="jsocket\include\jlocalsocket.h">
      <Filter>Header Files</Filter>
    </ClInclude>
    <ClInclude Include="jsocket\include\jmulticastsocket.h">
      <Filter>Header Files</Filter>
    </ClInclude>
    <ClInclude Include="jsocket\include\jmulticastsocket6.h">
      <Filter>Header Files</Filter>
    </ClInclude>
    <ClInclude Include="jsocket\include\jnetworkinterface.h">
      <Filter>Header Files</Filter>
    </ClInclude>
    <ClInclude Include="jsocket\include\jrawsocket.h">
      <Filter>Header Files</Filter>
    </ClInclude>
    <ClInclude Include="jsocket\include\jserversocket.h">
      <Filter>Header Files</Filter>
    </ClInclude>
    <ClInclude Include="jsocket\include\jserversocket6.h">
      <Filter>Header Files</Filter>
    </ClInclude>
    <ClInclude Include="jsocket\include\jsocket.h">
      <Filter>Header Files</Filter>
    </ClInclude>
    <ClInclude Include="jsocket\include\jsocket6.h">
      <Filter>Header Files</Filter>
    </ClInclude>
    <ClInclude Include="jsocket\include\jsocketexception.h">
      <Filter>Header Files</Filter>
    </ClInclude>
    <ClInclude Include="jsocket\include\jsocketinputstream.h">
      <Filter>Header Files</Filter>
    </ClInclude>
    <ClInclude Include="jsocket\include\jsocketlib.h">
      <Filter>Header Files</Filter>
    </ClInclude>
    <ClInclude Include="jsocket\include\jsocketoptions.h">
      <Filter>Header Files</Filter>
    </ClInclude>
    <ClInclude Include="jsocket\include\jsocketoptionsexception.h">
      <Filter>Header Files</Filter>
    </ClInclude>
    <ClInclude Include="jsocket\include\jsocketoutputstream.h">
      <Filter>Header Files</Filter>
    </ClInclude>
    <ClInclude Include="jsocket\include\jsockettimeoutexception.h">
      <Filter>Header Files</Filter>
    </ClInclude>
    <ClInclude Include="jsocket\include\jsslcontext.h">
      <Filter>Header Files</Filter>
    </ClInclude>
    <ClInclude Include="jsocket\include\jsslserversocket.h">
      <Filter>Header Files</Filter>
    </ClInclude>
    <ClInclude Include="jsocket\include\jsslserversocket6.h">
      <Filter>Header Files</Filter>
    </ClInclude>
    <ClInclude Include="jsocket\include\jsslsocket.h">
      <Filter>Header Files</Filter>
    </ClInclude>
    <ClInclude Include="jsocket\include\jsslsocket6.h">
      <Filter>Header Files</Filter>
    </ClInclude>
    <ClInclude Include="jsocket\include\jsslsocketinputstream.h">
      <Filter>Header Files</Filter>
    </ClInclude>
    <ClInclude Include="jsocket\include\jsslsocketoutputstream.h">
      <Filter>Header Files</Filter>
    </ClInclude>
    <ClInclude Include="jsocket\include\junknownhostexception.h">
      <Filter>Header Files</Filter>
    </ClInclude>
    <ClInclude Include="jthread\include\jautolock.h">
      <Filter>Header Files</Filter>
    </ClInclude>
    <ClInclude Include="jthread\include\jbarrier.h">
      <Filter>Header Files</Filter>
    </ClInclude>
    <ClInclude Include="jthread\include\jbufferexception.h">
      <Filter>Header Files</Filter>
    </ClInclude>
    <ClInclude Include="jthread\include\jcondition.h">
      <Filter>Header Files</Filter>
    </ClInclude>
    <ClInclude Include="jthread\include\jcountdownlatch.h">
      <Filter>Header Files</Filter>
    </ClInclude>
    <ClInclude Include="jthread\include\jevent.h">
      <Filter>Header Files</Filter>
    </ClInclude>
    <ClInclude Include="jthread\include\jfifomutex.h">
      <Filter>Header Files</Filter>
    </ClInclude>
    <ClInclude Include="jthread\include\jillegalstateexception.h">
      <Filter>Header Files</Filter>
    </ClInclude>
    <ClInclude Include="jthread\include\jindexedbuffer.h">
      <Filter>Header Files</Filter>
    </ClInclude>
    <ClInclude Include="jthread\include\jinterruptedexception.h">
      <Filter>Header Files</Filter>
    </ClInclude>
    <ClInclude Include="jthread\include\jmonitor.h">
      <Filter>Header Files</Filter>
    </ClInclude>
    <ClInclude Include="jthread\include\jmutex.h">
      <Filter>Header Files</Filter>
    </ClInclude>
    <ClInclude Include="jthread\include\jmutexexception.h">
      <Filter>Header Files</Filter>
    </ClInclude>
    <ClInclude Include="jthread\include\jrunnable.h">
      <Filter>Header Files</Filter>
    </ClInclude>
    <ClInclude Include="jthread\include\jrwlock.h">
      <Filter>Header Files</Filter>
    </ClInclude>
    <ClInclude Include="jthread\include\jsemaphore.h">
      <Filter>Header Files</Filter>
    </ClInclude>
    <ClInclude Include="jthread\include\jsemaphoreexception.h">
      <Filter>Header Files</Filter>
    </ClInclude>
    <ClInclude Include="jthread\include\jsemaphoretimeoutexception.h">
      <Filter>Header Files</Filter>
    </ClInclude>
    <ClInclude Include="jthread\include\jspinlock.h">
      <Filter>Header Files</Filter>
    </ClInclude>
    <ClInclude Include="jthread\include\jthread.h">
      <Filter>Header Files</Filter>
    </ClInclude>
    <ClInclude Include="jthread\include\jthreadexception.h">
      <Filter>Header Files</Filter>
    </ClInclude>
    <ClInclude Include="jthread\include\jthreadgroup.h">
      <Filter>Header Files</Filter>
    </ClInclude>
    <ClInclude Include="jthread\include\jthreadlib.h">
      <Filter>Header Files</Filter>
    </ClInclude>
    <ClInclude Include="jthread\include\jthreadpool.h">
      <Filter>Header Files</Filter>
    </ClInclude>
    <ClInclude Include="jthread\include\jtimer.h">
      <Filter>Header Files</Filter>
    </ClInclude>
  </ItemGroup>
  <ItemGroup>
    <None Include="Makefile.defs" />
    <None Include="addons\C++ Latches and Barriers.html" />
    <None Include="jcommon\tests\index.html" />
  </ItemGroup>
  <ItemGroup>
    <ClCompile Include="..\jcommon\jbitstream.cpp">
      <Filter>Source Files</Filter>
    </ClCompile>
    <ClCompile Include="..\jcommon\jcalendar.cpp">
      <Filter>Source Files</Filter>
    </ClCompile>
    <ClCompile Include="..\jcommon\jcharset.cpp">
      <Filter>Source Files</Filter>
    </ClCompile>
    <ClCompile Include="..\jcommon\jcommonlib.cpp">
      <Filter>Source Files</Filter>
    </ClCompile>
    <ClCompile Include="..\jcommon\jcompileexception.cpp">
      <Filter>Source Files</Filter>
    </ClCompile>
    <ClCompile Include="..\jcommon\jdate.cpp">
      <Filter>Source Files</Filter>
    </ClCompile>
    <ClCompile Include="..\jcommon\jdebug.cpp">
      <Filter>Source Files</Filter>
    </ClCompile>
    <ClCompile Include="..\jcommon\jdynamiclink.cpp">
      <Filter>Source Files</Filter>
    </ClCompile>
    <ClCompile Include="..\jcommon\jeventobject.cpp">
      <Filter>Source Files</Filter>
    </ClCompile>
    <ClCompile Include="..\jcommon\jexception.cpp">
      <Filter>Source Files</Filter>
    </ClCompile>
    <ClCompile Include="..\jcommon\jgc.cpp">
      <Filter>Source Files</Filter>
    </ClCompile>
    <ClCompile Include="..\jcommon\jhtmlparser.cpp">
      <Filter>Source Files</Filter>
    </ClCompile>
    <ClCompile Include="..\jcommon\jhttp.cpp">
      <Filter>Source Files</Filter>
    </ClCompile>
    <ClCompile Include="..\jcommon\jillegalargumentexception.cpp">
      <Filter>Source Files</Filter>
    </ClCompile>
    <ClCompile Include="..\jcommon\jinvalidargumentexception.cpp">
      <Filter>Source Files</Filter>
    </ClCompile>
    <ClCompile Include="..\jcommon\jjson.cpp">
      <Filter>Source Files</Filter>
    </ClCompile>
    <ClCompile Include="..\jcommon\jlistener.cpp">
      <Filter>Source Files</Filter>
    </ClCompile>
    <ClCompile Include="..\jcommon\jnotownerexception.cpp">
      <Filter>Source Files</Filter>
    </ClCompile>
    <ClCompile Include="..\jcommon\jnullpointerexception.cpp">
      <Filter>Source Files</Filter>
    </ClCompile>
    <ClCompile Include="..\jcommon\jobject.cpp">
      <Filter>Source Files</Filter>
    </ClCompile>
    <ClCompile Include="..\jcommon\jobservable.cpp">
      <Filter>Source Files</Filter>
    </ClCompile>
    <ClCompile Include="..\jcommon\jobserver.cpp">
      <Filter>Source Files</Filter>
    </ClCompile>
    <ClCompile Include="..\jcommon\joptions.cpp">
      <Filter>Source Files</Filter>
    </ClCompile>
    <ClCompile Include="..\jcommon\joutofboundsexception.cpp">
      <Filter>Source Files</Filter>
    </ClCompile>
    <ClCompile Include="..\jcommon\joutofmemoryexception.cpp">
      <Filter>Source Files</Filter>
    </ClCompile>
    <ClCompile Include="..\jcommon\jparammapper.cpp">
      <Filter>Source Files</Filter>
    </ClCompile>
    <ClCompile Include="..\jcommon\jparserexception.cpp">
      <Filter>Source Files</Filter>
    </ClCompile>
    <ClCompile Include="..\jcommon\jpointer.cpp">
      <Filter>Source Files</Filter>
    </ClCompile>
    <ClCompile Include="..\jcommon\jpolicies.cpp">
      <Filter>Source Files</Filter>
    </ClCompile>
    <ClCompile Include="..\jcommon\jproperties.cpp">
      <Filter>Source Files</Filter>
    </ClCompile>
    <ClCompile Include="..\jcommon\jregexp.cpp">
      <Filter>Source Files</Filter>
    </ClCompile>
    <ClCompile Include="..\jcommon\jruntimeexception.cpp">
      <Filter>Source Files</Filter>
    </ClCompile>
    <ClCompile Include="..\jcommon\jstringtokenizer.cpp">
      <Filter>Source Files</Filter>
    </ClCompile>
    <ClCompile Include="..\jcommon\jstringutils.cpp">
      <Filter>Source Files</Filter>
    </ClCompile>
    <ClCompile Include="..\jcommon\jsystem.cpp">
      <Filter>Source Files</Filter>
    </ClCompile>
    <ClCompile Include="..\jcommon\jtimeoutexception.cpp">
      <Filter>Source Files</Filter>
    </ClCompile>
    <ClCompile Include="..\jcommon\jtypes.cpp">
      <Filter>Source Files</Filter>
    </ClCompile>
    <ClCompile Include="..\jcommon\junit.cpp">
      <Filter>Source Files</Filter>
    </ClCompile>
    <ClCompile Include="..\jcommon\jurl.cpp">
      <Filter>Source Files</Filter>
    </ClCompile>
    <ClCompile Include="..\jcommon\jurlexception.cpp">
      <Filter>Source Files</Filter>
    </ClCompile>
    <ClCompile Include="..\jcommon\jxmlparser.cpp">
      <Filter>Source Files</Filter>
    </ClCompile>
    <ClCompile Include="..\jgui\jadjustmentevent.cpp">
      <Filter>Source Files</Filter>
    </ClCompile>
    <ClCompile Include="..\jgui\jadjustmentlistener.cpp">
      <Filter>Source Files</Filter>
    </ClCompile>
    <ClCompile Include="..\jgui\janimation.cpp">
      <Filter>Source Files</Filter>
    </ClCompile>
    <ClCompile Include="..\jgui\jborderlayout.cpp">
      <Filter>Source Files</Filter>
    </ClCompile>
    <ClCompile Include="..\jgui\jbutton.cpp">
      <Filter>Source Files</Filter>
    </ClCompile>
    <ClCompile Include="..\jgui\jbuttonevent.cpp">
      <Filter>Source Files</Filter>
    </ClCompile>
    <ClCompile Include="..\jgui\jbuttonlistener.cpp">
      <Filter>Source Files</Filter>
    </ClCompile>
    <ClCompile Include="..\jgui\jcalendardialogbox.cpp">
      <Filter>Source Files</Filter>
    </ClCompile>
    <ClCompile Include="..\jgui\jcalendarevent.cpp">
      <Filter>Source Files</Filter>
    </ClCompile>
    <ClCompile Include="..\jgui\jcalendarlistener.cpp">
      <Filter>Source Files</Filter>
    </ClCompile>
    <ClCompile Include="..\jgui\jcanvas.cpp">
      <Filter>Source Files</Filter>
    </ClCompile>
    <ClCompile Include="..\jgui\jcardlayout.cpp">
      <Filter>Source Files</Filter>
    </ClCompile>
    <ClCompile Include="..\jgui\jcheckbutton.cpp">
      <Filter>Source Files</Filter>
    </ClCompile>
    <ClCompile Include="..\jgui\jcheckbuttonevent.cpp">
      <Filter>Source Files</Filter>
    </ClCompile>
    <ClCompile Include="..\jgui\jcheckbuttongroup.cpp">
      <Filter>Source Files</Filter>
    </ClCompile>
    <ClCompile Include="..\jgui\jcheckbuttonlistener.cpp">
      <Filter>Source Files</Filter>
    </ClCompile>
    <ClCompile Include="..\jgui\jcolor.cpp">
      <Filter>Source Files</Filter>
    </ClCompile>
    <ClCompile Include="..\jgui\jcombobox.cpp">
      <Filter>Source Files</Filter>
    </ClCompile>
    <ClCompile Include="..\jgui\jcomponent.cpp">
      <Filter>Source Files</Filter>
    </ClCompile>
    <ClCompile Include="..\jgui\jcomponentevent.cpp">
      <Filter>Source Files</Filter>
    </ClCompile>
    <ClCompile Include="..\jgui\jcomponentlistener.cpp">
      <Filter>Source Files</Filter>
    </ClCompile>
    <ClCompile Include="..\jgui\jcontainer.cpp">
      <Filter>Source Files</Filter>
    </ClCompile>
    <ClCompile Include="..\jgui\jcontainerevent.cpp">
      <Filter>Source Files</Filter>
    </ClCompile>
    <ClCompile Include="..\jgui\jcontainerlistener.cpp">
      <Filter>Source Files</Filter>
    </ClCompile>
    <ClCompile Include="..\jgui\jcoordinatelayout.cpp">
      <Filter>Source Files</Filter>
    </ClCompile>
    <ClCompile Include="..\jgui\jfilechooserdialogbox.cpp">
      <Filter>Source Files</Filter>
    </ClCompile>
    <ClCompile Include="..\jgui\jflowlayout.cpp">
      <Filter>Source Files</Filter>
    </ClCompile>
    <ClCompile Include="..\jgui\jfocusevent.cpp">
      <Filter>Source Files</Filter>
    </ClCompile>
    <ClCompile Include="..\jgui\jfocuslistener.cpp">
      <Filter>Source Files</Filter>
    </ClCompile>
    <ClCompile Include="..\jgui\jfont.cpp">
      <Filter>Source Files</Filter>
    </ClCompile>
    <ClCompile Include="..\jgui\jframe.cpp">
      <Filter>Source Files</Filter>
    </ClCompile>
    <ClCompile Include="..\jgui\jgfxhandler.cpp">
      <Filter>Source Files</Filter>
    </ClCompile>
    <ClCompile Include="..\jgui\jgraphics.cpp">
      <Filter>Source Files</Filter>
    </ClCompile>
    <ClCompile Include="..\jgui\jgridbaglayout.cpp">
      <Filter>Source Files</Filter>
    </ClCompile>
    <ClCompile Include="..\jgui\jgridlayout.cpp">
      <Filter>Source Files</Filter>
    </ClCompile>
    <ClCompile Include="..\jgui\jguilib.cpp">
      <Filter>Source Files</Filter>
    </ClCompile>
    <ClCompile Include="..\jgui\jicon.cpp">
      <Filter>Source Files</Filter>
    </ClCompile>
    <ClCompile Include="..\jgui\jimage.cpp">
      <Filter>Source Files</Filter>
    </ClCompile>
    <ClCompile Include="..\jgui\jimagebutton.cpp">
      <Filter>Source Files</Filter>
    </ClCompile>
    <ClCompile Include="..\jgui\jimageexception.cpp">
      <Filter>Source Files</Filter>
    </ClCompile>
    <ClCompile Include="..\jgui\jindexedimage.cpp">
      <Filter>Source Files</Filter>
    </ClCompile>
    <ClCompile Include="..\jgui\jinputdialogbox.cpp">
      <Filter>Source Files</Filter>
    </ClCompile>
    <ClCompile Include="..\jgui\jinputmanager.cpp">
      <Filter>Source Files</Filter>
    </ClCompile>
    <ClCompile Include="..\jgui\jitemcomponent.cpp">
      <Filter>Source Files</Filter>
    </ClCompile>
    <ClCompile Include="..\jgui\jkeyboard.cpp">
      <Filter>Source Files</Filter>
    </ClCompile>
    <ClCompile Include="..\jgui\jkeyboardlistener.cpp">
      <Filter>Source Files</Filter>
    </ClCompile>
    <ClCompile Include="..\jgui\jkeyevent.cpp">
      <Filter>Source Files</Filter>
    </ClCompile>
    <ClCompile Include="..\jgui\jkeylistener.cpp">
      <Filter>Source Files</Filter>
    </ClCompile>
    <ClCompile Include="..\jgui\jkeymap.cpp">
      <Filter>Source Files</Filter>
    </ClCompile>
    <ClCompile Include="..\jgui\jlabel.cpp">
      <Filter>Source Files</Filter>
    </ClCompile>
    <ClCompile Include="..\jgui\jlayout.cpp">
      <Filter>Source Files</Filter>
    </ClCompile>
    <ClCompile Include="..\jgui\jlistbox.cpp">
      <Filter>Source Files</Filter>
    </ClCompile>
    <ClCompile Include="..\jgui\jmarquee.cpp">
      <Filter>Source Files</Filter>
    </ClCompile>
    <ClCompile Include="..\jgui\jmenu.cpp">
      <Filter>Source Files</Filter>
    </ClCompile>
    <ClCompile Include="..\jgui\jmenugroup.cpp">
      <Filter>Source Files</Filter>
    </ClCompile>
    <ClCompile Include="..\jgui\jmessagedialogbox.cpp">
      <Filter>Source Files</Filter>
    </ClCompile>
    <ClCompile Include="..\jgui\jmouseevent.cpp">
      <Filter>Source Files</Filter>
    </ClCompile>
    <ClCompile Include="..\jgui\jmouselistener.cpp">
      <Filter>Source Files</Filter>
    </ClCompile>
    <ClCompile Include="..\jgui\jnullgraphics.cpp">
      <Filter>Source Files</Filter>
    </ClCompile>
    <ClCompile Include="..\jgui\jnulllayout.cpp">
      <Filter>Source Files</Filter>
    </ClCompile>
    <ClCompile Include="..\jgui\jpanel.cpp">
      <Filter>Source Files</Filter>
    </ClCompile>
    <ClCompile Include="..\jgui\jprogressbar.cpp">
      <Filter>Source Files</Filter>
    </ClCompile>
    <ClCompile Include="..\jgui\jrectangle.cpp">
      <Filter>Source Files</Filter>
    </ClCompile>
    <ClCompile Include="..\jgui\jscrollbar.cpp">
      <Filter>Source Files</Filter>
    </ClCompile>
    <ClCompile Include="..\jgui\jselectevent.cpp">
      <Filter>Source Files</Filter>
    </ClCompile>
    <ClCompile Include="..\jgui\jselectlistener.cpp">
      <Filter>Source Files</Filter>
    </ClCompile>
    <ClCompile Include="..\jgui\jslider.cpp">
      <Filter>Source Files</Filter>
    </ClCompile>
    <ClCompile Include="..\jgui\jslidercomponent.cpp">
      <Filter>Source Files</Filter>
    </ClCompile>
    <ClCompile Include="..\jgui\jspin.cpp">
      <Filter>Source Files</Filter>
    </ClCompile>
    <ClCompile Include="..\jgui\jtabbedpane.cpp">
      <Filter>Source Files</Filter>
    </ClCompile>
    <ClCompile Include="..\jgui\jtable.cpp">
      <Filter>Source Files</Filter>
    </ClCompile>
    <ClCompile Include="..\jgui\jtextarea.cpp">
      <Filter>Source Files</Filter>
    </ClCompile>
    <ClCompile Include="..\jgui\jtextcomponent.cpp">
      <Filter>Source Files</Filter>
    </ClCompile>
    <ClCompile Include="..\jgui\jtextdialogbox.cpp">
      <Filter>Source Files</Filter>
    </ClCompile>
    <ClCompile Include="..\jgui\jtextevent.cpp">
      <Filter>Source Files</Filter>
    </ClCompile>
    <ClCompile Include="..\jgui\jtextfield.cpp">
      <Filter>Source Files</Filter>
    </ClCompile>
    <ClCompile Include="..\jgui\jtextlistener.cpp">
      <Filter>Source Files</Filter>
    </ClCompile>
    <ClCompile Include="..\jgui\jtheme.cpp">
      <Filter>Source Files</Filter>
    </ClCompile>
    <ClCompile Include="..\jgui\jthemeevent.cpp">
      <Filter>Source Files</Filter>
    </ClCompile>
    <ClCompile Include="..\jgui\jthemelistener.cpp">
      <Filter>Source Files</Filter>
    </ClCompile>
    <ClCompile Include="..\jgui\jthememanager.cpp">
      <Filter>Source Files</Filter>
    </ClCompile>
    <ClCompile Include="..\jgui\jtogglebutton.cpp">
      <Filter>Source Files</Filter>
    </ClCompile>
    <ClCompile Include="..\jgui\jtree.cpp">
      <Filter>Source Files</Filter>
    </ClCompile>
    <ClCompile Include="..\jgui\jwatch.cpp">
      <Filter>Source Files</Filter>
    </ClCompile>
    <ClCompile Include="..\jgui\jwindow.cpp">
      <Filter>Source Files</Filter>
    </ClCompile>
    <ClCompile Include="..\jgui\jwindowevent.cpp">
      <Filter>Source Files</Filter>
    </ClCompile>
    <ClCompile Include="..\jgui\jwindowlistener.cpp">
      <Filter>Source Files</Filter>
    </ClCompile>
    <ClCompile Include="..\jgui\jwindowmanager.cpp">
      <Filter>Source Files</Filter>
    </ClCompile>
    <ClCompile Include="..\jgui\jyesnodialogbox.cpp">
      <Filter>Source Files</Filter>
    </ClCompile>
    <ClCompile Include="..\jio\jbitinputstream.cpp">
      <Filter>Source Files</Filter>
    </ClCompile>
    <ClCompile Include="..\jio\jbitoutputstream.cpp">
      <Filter>Source Files</Filter>
    </ClCompile>
    <ClCompile Include="..\jio\jbufferedreader.cpp">
      <Filter>Source Files</Filter>
    </ClCompile>
    <ClCompile Include="..\jio\jchannel.cpp">
      <Filter>Source Files</Filter>
    </ClCompile>
    <ClCompile Include="..\jio\jdatainputstream.cpp">
      <Filter>Source Files</Filter>
    </ClCompile>
    <ClCompile Include="..\jio\jdataoutputstream.cpp">
      <Filter>Source Files</Filter>
    </ClCompile>
    <ClCompile Include="..\jio\jfile.cpp">
      <Filter>Source Files</Filter>
    </ClCompile>
    <ClCompile Include="..\jio\jfileexception.cpp">
      <Filter>Source Files</Filter>
    </ClCompile>
    <ClCompile Include="..\jio\jfileinputstream.cpp">
      <Filter>Source Files</Filter>
    </ClCompile>
    <ClCompile Include="..\jio\jfileoutputstream.cpp">
      <Filter>Source Files</Filter>
    </ClCompile>
    <ClCompile Include="..\jio\jinputstream.cpp">
      <Filter>Source Files</Filter>
    </ClCompile>
    <ClCompile Include="..\jio\jinterruptedioexception.cpp">
      <Filter>Source Files</Filter>
    </ClCompile>
    <ClCompile Include="..\jio\jioexception.cpp">
      <Filter>Source Files</Filter>
    </ClCompile>
    <ClCompile Include="..\jio\jiolib.cpp">
      <Filter>Source Files</Filter>
    </ClCompile>
    <ClCompile Include="..\jio\jmemoryinputstream.cpp">
      <Filter>Source Files</Filter>
    </ClCompile>
    <ClCompile Include="..\jio\jmemoryoutputstream.cpp">
      <Filter>Source Files</Filter>
    </ClCompile>
    <ClCompile Include="..\jio\jobjectinputstream.cpp">
      <Filter>Source Files</Filter>
    </ClCompile>
    <ClCompile Include="..\jio\jobjectoutputstream.cpp">
      <Filter>Source Files</Filter>
    </ClCompile>
    <ClCompile Include="..\jio\joutputstream.cpp">
      <Filter>Source Files</Filter>
    </ClCompile>
    <ClCompile Include="..\jio\jpipeexception.cpp">
      <Filter>Source Files</Filter>
    </ClCompile>
    <ClCompile Include="..\jio\jpipestream.cpp">
      <Filter>Source Files</Filter>
    </ClCompile>
    <ClCompile Include="..\jio\jprintstream.cpp">
      <Filter>Source Files</Filter>
    </ClCompile>
    <ClCompile Include="..\jio\jserializable.cpp">
      <Filter>Source Files</Filter>
    </ClCompile>
    <ClCompile Include="..\jipc\jipcclient.cpp">
      <Filter>Source Files</Filter>
    </ClCompile>
    <ClCompile Include="..\jipc\jipcexception.cpp">
      <Filter>Source Files</Filter>
    </ClCompile>
    <ClCompile Include="..\jipc\jipchelper.cpp">
      <Filter>Source Files</Filter>
    </ClCompile>
    <ClCompile Include="..\jipc\jipcserver.cpp">
      <Filter>Source Files</Filter>
    </ClCompile>
    <ClCompile Include="..\jipc\jmethod.cpp">
      <Filter>Source Files</Filter>
    </ClCompile>
    <ClCompile Include="..\jipc\jremotecalllistener.cpp">
      <Filter>Source Files</Filter>
    </ClCompile>
    <ClCompile Include="..\jipc\jremoteipcclient.cpp">
      <Filter>Source Files</Filter>
    </ClCompile>
    <ClCompile Include="..\jipc\jremoteipcserver.cpp">
      <Filter>Source Files</Filter>
    </ClCompile>
    <ClCompile Include="..\jipc\jresponse.cpp">
      <Filter>Source Files</Filter>
    </ClCompile>
    <ClCompile Include="..\jlogger\jconsolehandler.cpp">
      <Filter>Source Files</Filter>
    </ClCompile>
    <ClCompile Include="..\jlogger\jfilehandler.cpp">
      <Filter>Source Files</Filter>
    </ClCompile>
    <ClCompile Include="..\jlogger\jformatter.cpp">
      <Filter>Source Files</Filter>
    </ClCompile>
    <ClCompile Include="..\jlogger\jhandler.cpp">
      <Filter>Source Files</Filter>
    </ClCompile>
    <ClCompile Include="..\jlogger\jlogger.cpp">
      <Filter>Source Files</Filter>
    </ClCompile>
    <ClCompile Include="..\jlogger\jloggerexception.cpp">
      <Filter>Source Files</Filter>
    </ClCompile>
    <ClCompile Include="..\jlogger\jloggerlib.cpp">
      <Filter>Source Files</Filter>
    </ClCompile>
    <ClCompile Include="..\jlogger\jloggermanager.cpp">
      <Filter>Source Files</Filter>
    </ClCompile>
    <ClCompile Include="..\jlogger\jlogrecord.cpp">
      <Filter>Source Files</Filter>
    </ClCompile>
    <ClCompile Include="..\jlogger\jmemoryhandler.cpp">
      <Filter>Source Files</Filter>
    </ClCompile>
    <ClCompile Include="..\jlogger\jsimpleformatter.cpp">
      <Filter>Source Files</Filter>
    </ClCompile>
    <ClCompile Include="..\jlogger\jsockethandler.cpp">
      <Filter>Source Files</Filter>
    </ClCompile>
    <ClCompile Include="..\jlogger\jstreamhandler.cpp">
      <Filter>Source Files</Filter>
    </ClCompile>
    <ClCompile Include="..\jlogger\jxmlformatter.cpp">
      <Filter>Source Files</Filter>
    </ClCompile>
    <ClCompile Include="..\jmath\jbase64.cpp">
      <Filter>Source Files</Filter>
    </ClCompile>
    <ClCompile Include="..\jmath\jcomplex.cpp">
      <Filter>Source Files</Filter>
    </ClCompile>
    <ClCompile Include="..\jmath\jcrc.cpp">
      <Filter>Source Files</Filter>
    </ClCompile>
    <ClCompile Include="..\jmath\jmath.cpp">
      <Filter>Source Files</Filter>
    </ClCompile>
    <ClCompile Include="..\jmath\jmathlib.cpp">
      <Filter>Source Files</Filter>
    </ClCompile>
    <ClCompile Include="..\jmath\jmatrix.cpp">
      <Filter>Source Files</Filter>
    </ClCompile>
    <ClCompile Include="..\jmath\jmd5.cpp">
      <Filter>Source Files</Filter>
    </ClCompile>
    <ClCompile Include="..\jmath\jrandom.cpp">
      <Filter>Source Files</Filter>
    </ClCompile>
    <ClCompile Include="..\jmath\jsha1.cpp">
      <Filter>Source Files</Filter>
    </ClCompile>
    <ClCompile Include="..\jresource\jresource.cpp">
      <Filter>Source Files</Filter>
    </ClCompile>
    <ClCompile Include="..\jresource\jresourceexception.cpp">
      <Filter>Source Files</Filter>
    </ClCompile>
    <ClCompile Include="..\jresource\jresourcelib.cpp">
      <Filter>Source Files</Filter>
    </ClCompile>
    <ClCompile Include="..\jresource\jresourcestatusevent.cpp">
      <Filter>Source Files</Filter>
    </ClCompile>
    <ClCompile Include="..\jresource\jresourcestatuslistener.cpp">
      <Filter>Source Files</Filter>
    </ClCompile>
    <ClCompile Include="..\jresource\jresourcetypeevent.cpp">
      <Filter>Source Files</Filter>
    </ClCompile>
    <ClCompile Include="..\jresource\jresourcetypelistener.cpp">
      <Filter>Source Files</Filter>
    </ClCompile>
    <ClCompile Include="..\jsecurity\jfileaccesscontrol.cpp">
      <Filter>Source Files</Filter>
    </ClCompile>
    <ClCompile Include="..\jsecurity\jgroup.cpp">
      <Filter>Source Files</Filter>
    </ClCompile>
    <ClCompile Include="..\jsecurity\jsecurityexception.cpp">
      <Filter>Source Files</Filter>
    </ClCompile>
    <ClCompile Include="..\jsecurity\jsecuritylib.cpp">
      <Filter>Source Files</Filter>
    </ClCompile>
    <ClCompile Include="..\jsecurity\jsecuritymanager.cpp">
      <Filter>Source Files</Filter>
    </ClCompile>
    <ClCompile Include="..\jsecurity\juser.cpp">
      <Filter>Source Files</Filter>
    </ClCompile>
    <ClCompile Include="..\jshared\jmemoryexception.cpp">
      <Filter>Source Files</Filter>
    </ClCompile>
    <ClCompile Include="..\jshared\jmemorymap.cpp">
      <Filter>Source Files</Filter>
    </ClCompile>
    <ClCompile Include="..\jshared\jmessageexception.cpp">
      <Filter>Source Files</Filter>
    </ClCompile>
    <ClCompile Include="..\jshared\jmessagequeue.cpp">
      <Filter>Source Files</Filter>
    </ClCompile>
    <ClCompile Include="..\jshared\jnamedpipe.cpp">
      <Filter>Source Files</Filter>
    </ClCompile>
    <ClCompile Include="..\jshared\jpipe.cpp">
      <Filter>Source Files</Filter>
    </ClCompile>
    <ClCompile Include="..\jshared\jprocess.cpp">
      <Filter>Source Files</Filter>
    </ClCompile>
    <ClCompile Include="..\jshared\jprocessexception.cpp">
      <Filter>Source Files</Filter>
    </ClCompile>
    <ClCompile Include="..\jshared\jprocessinputstream.cpp">
      <Filter>Source Files</Filter>
    </ClCompile>
    <ClCompile Include="..\jshared\jprocessoutputstream.cpp">
      <Filter>Source Files</Filter>
    </ClCompile>
    <ClCompile Include="..\jshared\jqueueexception.cpp">
      <Filter>Source Files</Filter>
    </ClCompile>
    <ClCompile Include="..\jshared\jschedule.cpp">
      <Filter>Source Files</Filter>
    </ClCompile>
    <ClCompile Include="..\jshared\jsharedlib.cpp">
      <Filter>Source Files</Filter>
    </ClCompile>
    <ClCompile Include="..\jshared\jsharedmemory.cpp">
      <Filter>Source Files</Filter>
    </ClCompile>
    <ClCompile Include="..\jshared\jsharedmutex.cpp">
      <Filter>Source Files</Filter>
    </ClCompile>
    <ClCompile Include="..\jshared\jsharedqueue.cpp">
      <Filter>Source Files</Filter>
    </ClCompile>
    <ClCompile Include="..\jsocket\jconnection.cpp">
      <Filter>Source Files</Filter>
    </ClCompile>
    <ClCompile Include="..\jsocket\jconnectionpipe.cpp">
      <Filter>Source Files</Filter>
    </ClCompile>
    <ClCompile Include="..\jsocket\jdatagramsocket.cpp">
      <Filter>Source Files</Filter>
    </ClCompile>
    <ClCompile Include="..\jsocket\jdatagramsocket6.cpp">
      <Filter>Source Files</Filter>
    </ClCompile>
    <ClCompile Include="..\jsocket\jhttprequester.cpp">
      <Filter>Source Files</Filter>
    </ClCompile>
    <ClCompile Include="..\jsocket\jinetaddress.cpp">
      <Filter>Source Files</Filter>
    </ClCompile>
    <ClCompile Include="..\jsocket\jinetaddress4.cpp">
      <Filter>Source Files</Filter>
    </ClCompile>
    <ClCompile Include="..\jsocket\jmulticastsocket.cpp">
      <Filter>Source Files</Filter>
    </ClCompile>
    <ClCompile Include="..\jsocket\jnetworkinterface.cpp">
      <Filter>Source Files</Filter>
    </ClCompile>
    <ClCompile Include="..\jsocket\jserversocket.cpp">
      <Filter>Source Files</Filter>
    </ClCompile>
    <ClCompile Include="..\jsocket\jsocket.cpp">
      <Filter>Source Files</Filter>
    </ClCompile>
    <ClCompile Include="..\jsocket\jsocketexception.cpp">
      <Filter>Source Files</Filter>
    </ClCompile>
    <ClCompile Include="..\jsocket\jsocketinputstream.cpp">
      <Filter>Source Files</Filter>
    </ClCompile>
    <ClCompile Include="..\jsocket\jsocketlib.cpp">
      <Filter>Source Files</Filter>
    </ClCompile>
    <ClCompile Include="..\jsocket\jsocketoptions.cpp">
      <Filter>Source Files</Filter>
    </ClCompile>
    <ClCompile Include="..\jsocket\jsocketoptionsexception.cpp">
      <Filter>Source Files</Filter>
    </ClCompile>
    <ClCompile Include="..\jsocket\jsocketoutputstream.cpp">
      <Filter>Source Files</Filter>
    </ClCompile>
    <ClCompile Include="..\jsocket\jsockettimeoutexception.cpp">
      <Filter>Source Files</Filter>
    </ClCompile>
    <ClCompile Include="..\jsocket\junknownhostexception.cpp">
      <Filter>Source Files</Filter>
    </ClCompile>
    <ClCompile Include="..\jthread\jautolock.cpp">
      <Filter>Source Files</Filter>
    </ClCompile>
    <ClCompile Include="..\jthread\jbufferexception.cpp">
      <Filter>Source Files</Filter>
    </ClCompile>
    <ClCompile Include="..\jthread\jcondition.cpp">
      <Filter>Source Files</Filter>
    </ClCompile>
    <ClCompile Include="..\jthread\jcountdownlatch.cpp">
      <Filter>Source Files</Filter>
    </ClCompile>
    <ClCompile Include="..\jthread\jevent.cpp">
      <Filter>Source Files</Filter>
    </ClCompile>
    <ClCompile Include="..\jthread\jfifomutex.cpp">
      <Filter>Source Files</Filter>
    </ClCompile>
    <ClCompile Include="..\jthread\jillegalstateexception.cpp">
      <Filter>Source Files</Filter>
    </ClCompile>
    <ClCompile Include="..\jthread\jindexedbuffer.cpp">
      <Filter>Source Files</Filter>
    </ClCompile>
    <ClCompile Include="..\jthread\jinterruptedexception.cpp">
      <Filter>Source Files</Filter>
    </ClCompile>
    <ClCompile Include="..\jthread\jmonitor.cpp">
      <Filter>Source Files</Filter>
    </ClCompile>
    <ClCompile Include="..\jthread\jmutex.cpp">
      <Filter>Source Files</Filter>
    </ClCompile>
    <ClCompile Include="..\jthread\jmutexexception.cpp">
      <Filter>Source Files</Filter>
    </ClCompile>
    <ClCompile Include="..\jthread\jrunnable.cpp">
      <Filter>Source Files</Filter>
    </ClCompile>
    <ClCompile Include="..\jthread\jsemaphore.cpp">
      <Filter>Source Files</Filter>
    </ClCompile>
    <ClCompile Include="..\jthread\jsemaphoreexception.cpp">
      <Filter>Source Files</Filter>
    </ClCompile>
    <ClCompile Include="..\jthread\jsemaphoretimeoutexception.cpp">
      <Filter>Source Files</Filter>
    </ClCompile>
    <ClCompile Include="..\jthread\jspinlock.cpp">
      <Filter>Source Files</Filter>
    </ClCompile>
    <ClCompile Include="..\jthread\jthread.cpp">
      <Filter>Source Files</Filter>
    </ClCompile>
    <ClCompile Include="..\jthread\jthreadexception.cpp">
      <Filter>Source Files</Filter>
    </ClCompile>
    <ClCompile Include="..\jthread\jthreadgroup.cpp">
      <Filter>Source Files</Filter>
    </ClCompile>
    <ClCompile Include="..\jthread\jthreadlib.cpp">
      <Filter>Source Files</Filter>
    </ClCompile>
    <ClCompile Include="..\jthread\jthreadpool.cpp">
      <Filter>Source Files</Filter>
    </ClCompile>
    <ClCompile Include="..\jthread\jtimer.cpp">
      <Filter>Source Files</Filter>
    </ClCompile>
    <ClCompile Include="..\jsecurity\jaccesscontrol.cpp">
      <Filter>Source Files</Filter>
    </ClCompile>
  </ItemGroup>
</Project>