
Microsoft Visual Studio Solution File, Format Version 11.00
# Visual Studio 2010
Project("{8BC9CEB8-8B4A-11D0-8D11-00A0C91BC942}") = "win32", "win32\win32.vcxproj", "{160B89DF-A223-4A88-B527-25671B21981F}"
EndProject
Global
	GlobalSection(SolutionConfigurationPlatforms) = preSolution
		Debug|Win32 = Debug|Win32
		Release|Win32 = Release|Win32
	EndGlobalSection
	GlobalSection(ProjectConfigurationPlatforms) = postSolution
		{160B89DF-A223-4A88-B527-25671B21981F}.Debug|Win32.ActiveCfg = Debug|Win32
		{160B89DF-A223-4A88-B527-25671B21981F}.Debug|Win32.Build.0 = Debug|Win32
		{160B89DF-A223-4A88-B527-25671B21981F}.Release|Win32.ActiveCfg = Release|Win32
		{160B89DF-A223-4A88-B527-25671B21981F}.Release|Win32.Build.0 = Release|Win32
	EndGlobalSection
	GlobalSection(SolutionProperties) = preSolution
		HideSolutionNode = FALSE
	EndGlobalSection
EndGlobal
